
Microsoft Visual Studio Solution File, Format Version 12.00
# Visual Studio Version 17
VisualStudioVersion = 17.3.32825.248
MinimumVisualStudioVersion = 10.0.40219.1
Project("{8BC9CEB8-8B4A-11D0-8D11-00A0C91BC942}") = "data_structs_and_algos", "data_structs_and_algos\data_structs_and_algos.vcxproj", "{96ABF5B7-D4A9-41DB-9ABE-9253CE4852EF}"
EndProject
Global
	GlobalSection(SolutionConfigurationPlatforms) = preSolution
		Debug|x64 = Debug|x64
		Debug|x86 = Debug|x86
		Release|x64 = Release|x64
		Release|x86 = Release|x86
	EndGlobalSection
	GlobalSection(ProjectConfigurationPlatforms) = postSolution
		{96ABF5B7-D4A9-41DB-9ABE-9253CE4852EF}.Debug|x64.ActiveCfg = Debug|x64
		{96ABF5B7-D4A9-41DB-9ABE-9253CE4852EF}.Debug|x64.Build.0 = Debug|x64
		{96ABF5B7-D4A9-41DB-9ABE-9253CE4852EF}.Debug|x86.ActiveCfg = Debug|Win32
		{96ABF5B7-D4A9-41DB-9ABE-9253CE4852EF}.Debug|x86.Build.0 = Debug|Win32
		{96ABF5B7-D4A9-41DB-9ABE-9253CE4852EF}.Release|x64.ActiveCfg = Release|x64
		{96ABF5B7-D4A9-41DB-9ABE-9253CE4852EF}.Release|x64.Build.0 = Release|x64
		{96ABF5B7-D4A9-41DB-9ABE-9253CE4852EF}.Release|x86.ActiveCfg = Release|Win32
		{96ABF5B7-D4A9-41DB-9ABE-9253CE4852EF}.Release|x86.Build.0 = Release|Win32
	EndGlobalSection
	GlobalSection(SolutionProperties) = preSolution
		HideSolutionNode = FALSE
	EndGlobalSection
	GlobalSection(ExtensibilityGlobals) = postSolution
		SolutionGuid = {F35FB22B-E7DE-4561-A698-011B9C402220}
	EndGlobalSection
EndGlobal
